
Microsoft Visual Studio Solution File, Format Version 12.00
# Visual Studio 2013
VisualStudioVersion = 12.0.31101.0
MinimumVisualStudioVersion = 10.0.40219.1
Project("{FAE04EC0-301F-11D3-BF4B-00C04F79EFBC}") = "Services", "Warp.Services\Services.csproj", "{5760EB35-8DD5-4C9F-8BF4-097CF0CFA530}"
EndProject
Project("{2150E333-8FDC-42A3-9474-1A3956D46DE8}") = "Testing", "Testing", "{97CE1C0F-3DDF-4083-B2EC-4AC0A068B9B4}"
EndProject
Project("{FAE04EC0-301F-11D3-BF4B-00C04F79EFBC}") = "Core", "Warp.Core\Core.csproj", "{8031789B-4E8B-4418-8644-EB4ADE65B90B}"
EndProject
Project("{FAE04EC0-301F-11D3-BF4B-00C04F79EFBC}") = "WebUI", "Warp.WebUI\WebUI.csproj", "{FE025F59-B912-4231-9FA8-4EC7CD56C5D5}"
EndProject
Project("{FAE04EC0-301F-11D3-BF4B-00C04F79EFBC}") = "IoC", "Warp.IoC\IoC.csproj", "{9FBBC796-0FCF-47EA-9885-BC0CE30FF8D7}"
EndProject
Project("{FAE04EC0-301F-11D3-BF4B-00C04F79EFBC}") = "Data (CodeFirst)", "Warp.Data.CodeFirst\Data (CodeFirst).csproj", "{14F5DFD0-AED7-4E07-A7C1-B873003943B6}"
EndProject
Project("{FAE04EC0-301F-11D3-BF4B-00C04F79EFBC}") = "Data (DbFirst)", "Warp.Data.DbFirst\Data (DbFirst).csproj", "{E1D59294-9E1D-42A3-AF41-3FE99814B53A}"
EndProject
Project("{2150E333-8FDC-42A3-9474-1A3956D46DE8}") = "Unit", "Unit", "{C603962C-47D0-4077-8D2F-5BE24FE24014}"
EndProject
Project("{2150E333-8FDC-42A3-9474-1A3956D46DE8}") = "Acceptance", "Acceptance", "{DCA7A5E2-632A-4743-8684-6931FB6B5E68}"
EndProject
Project("{FAE04EC0-301F-11D3-BF4B-00C04F79EFBC}") = "Util", "Warp.Testing.Util\Util.csproj", "{AC5D498D-977F-4331-8C38-10526124DC35}"
EndProject
Project("{FAE04EC0-301F-11D3-BF4B-00C04F79EFBC}") = "Core", "Warp.Testing.Unit.Core\Core.csproj", "{2D2F4F10-841E-497D-ADE0-2B879A4690A8}"
EndProject
Project("{FAE04EC0-301F-11D3-BF4B-00C04F79EFBC}") = "Data", "Warp.Testing.Unit.Data\Data.csproj", "{B9D872C7-5B81-4E0C-90E8-0E47201ACAA4}"
EndProject
Project("{FAE04EC0-301F-11D3-BF4B-00C04F79EFBC}") = "Services", "Warp.Testing.Unit.Services\Services.csproj", "{9DA62365-D86F-4F97-B1B3-0712BB38495F}"
EndProject
Project("{FAE04EC0-301F-11D3-BF4B-00C04F79EFBC}") = "Acceptance", "Warp.Testing.Acceptance\Acceptance.csproj", "{5D87686A-D4DA-4B61-A4E4-22CFC2AD24FB}"
EndProject
Project("{2150E333-8FDC-42A3-9474-1A3956D46DE8}") = "Data", "Data", "{266290E2-9D48-4905-9E9A-22467420569E}"
EndProject
Project("{2150E333-8FDC-42A3-9474-1A3956D46DE8}") = ".nuget", ".nuget", "{FD5AE4BF-3777-456D-AD5F-EE6FA53AFA5B}"
Project("{2150E333-8FDC-42A3-9474-1A3956D46DE8}") = "CI", "CI", "{61595E8D-5601-4354-8FC8-CF76B1AD09D9}"
EndProject
Project("{FAE04EC0-301F-11D3-BF4B-00C04F79EFBC}") = "Warp.Testing.CI.Service", "Warp.CI\Warp.Testing.CI.Service.csproj", "{8F5217E8-D207-4DE0-85CB-C7C1E1E2039B}"
EndProject
Project("{2150E333-8FDC-42A3-9474-1A3956D46DE8}") = ".nuget", ".nuget", "{215D5DF6-3721-43A3-A116-8A9584F2A1BB}"
	ProjectSection(SolutionItems) = preProject
		.nuget\packages.config = .nuget\packages.config
	EndProjectSection
EndProject
Project("{FAE04EC0-301F-11D3-BF4B-00C04F79EFBC}") = "Warp.Testing.BDD", "Warp.Testing.BDD\Warp.Testing.BDD.csproj", "{FD2BA55D-273D-43BD-8084-BDE0573B3EF8}"
EndProject
Global
	GlobalSection(SolutionConfigurationPlatforms) = preSolution
		Acceptance|Any CPU = Acceptance|Any CPU
		Debug|Any CPU = Debug|Any CPU
		Release|Any CPU = Release|Any CPU
	EndGlobalSection
	GlobalSection(ProjectConfigurationPlatforms) = postSolution
		{5760EB35-8DD5-4C9F-8BF4-097CF0CFA530}.Acceptance|Any CPU.ActiveCfg = Acceptance|Any CPU
		{5760EB35-8DD5-4C9F-8BF4-097CF0CFA530}.Acceptance|Any CPU.Build.0 = Acceptance|Any CPU
		{5760EB35-8DD5-4C9F-8BF4-097CF0CFA530}.Debug|Any CPU.ActiveCfg = Debug|Any CPU
		{5760EB35-8DD5-4C9F-8BF4-097CF0CFA530}.Debug|Any CPU.Build.0 = Debug|Any CPU
		{5760EB35-8DD5-4C9F-8BF4-097CF0CFA530}.Release|Any CPU.ActiveCfg = Release|Any CPU
		{5760EB35-8DD5-4C9F-8BF4-097CF0CFA530}.Release|Any CPU.Build.0 = Release|Any CPU
		{8031789B-4E8B-4418-8644-EB4ADE65B90B}.Acceptance|Any CPU.ActiveCfg = Acceptance|Any CPU
		{8031789B-4E8B-4418-8644-EB4ADE65B90B}.Acceptance|Any CPU.Build.0 = Acceptance|Any CPU
		{8031789B-4E8B-4418-8644-EB4ADE65B90B}.Debug|Any CPU.ActiveCfg = Debug|Any CPU
		{8031789B-4E8B-4418-8644-EB4ADE65B90B}.Debug|Any CPU.Build.0 = Debug|Any CPU
		{8031789B-4E8B-4418-8644-EB4ADE65B90B}.Release|Any CPU.ActiveCfg = Release|Any CPU
		{8031789B-4E8B-4418-8644-EB4ADE65B90B}.Release|Any CPU.Build.0 = Release|Any CPU
		{FE025F59-B912-4231-9FA8-4EC7CD56C5D5}.Acceptance|Any CPU.ActiveCfg = Acceptance|Any CPU
		{FE025F59-B912-4231-9FA8-4EC7CD56C5D5}.Acceptance|Any CPU.Build.0 = Acceptance|Any CPU
		{FE025F59-B912-4231-9FA8-4EC7CD56C5D5}.Debug|Any CPU.ActiveCfg = Debug|Any CPU
		{FE025F59-B912-4231-9FA8-4EC7CD56C5D5}.Debug|Any CPU.Build.0 = Debug|Any CPU
		{FE025F59-B912-4231-9FA8-4EC7CD56C5D5}.Release|Any CPU.ActiveCfg = Release|Any CPU
		{FE025F59-B912-4231-9FA8-4EC7CD56C5D5}.Release|Any CPU.Build.0 = Release|Any CPU
		{9FBBC796-0FCF-47EA-9885-BC0CE30FF8D7}.Acceptance|Any CPU.ActiveCfg = Acceptance|Any CPU
		{9FBBC796-0FCF-47EA-9885-BC0CE30FF8D7}.Acceptance|Any CPU.Build.0 = Acceptance|Any CPU
		{9FBBC796-0FCF-47EA-9885-BC0CE30FF8D7}.Debug|Any CPU.ActiveCfg = Debug|Any CPU
		{9FBBC796-0FCF-47EA-9885-BC0CE30FF8D7}.Debug|Any CPU.Build.0 = Debug|Any CPU
		{9FBBC796-0FCF-47EA-9885-BC0CE30FF8D7}.Release|Any CPU.ActiveCfg = Release|Any CPU
		{9FBBC796-0FCF-47EA-9885-BC0CE30FF8D7}.Release|Any CPU.Build.0 = Release|Any CPU
		{14F5DFD0-AED7-4E07-A7C1-B873003943B6}.Acceptance|Any CPU.ActiveCfg = Acceptance|Any CPU
		{14F5DFD0-AED7-4E07-A7C1-B873003943B6}.Acceptance|Any CPU.Build.0 = Acceptance|Any CPU
		{14F5DFD0-AED7-4E07-A7C1-B873003943B6}.Debug|Any CPU.ActiveCfg = Debug|Any CPU
		{14F5DFD0-AED7-4E07-A7C1-B873003943B6}.Debug|Any CPU.Build.0 = Debug|Any CPU
		{14F5DFD0-AED7-4E07-A7C1-B873003943B6}.Release|Any CPU.ActiveCfg = Release|Any CPU
		{14F5DFD0-AED7-4E07-A7C1-B873003943B6}.Release|Any CPU.Build.0 = Release|Any CPU
		{E1D59294-9E1D-42A3-AF41-3FE99814B53A}.Acceptance|Any CPU.ActiveCfg = Acceptance|Any CPU
		{E1D59294-9E1D-42A3-AF41-3FE99814B53A}.Acceptance|Any CPU.Build.0 = Acceptance|Any CPU
		{E1D59294-9E1D-42A3-AF41-3FE99814B53A}.Debug|Any CPU.ActiveCfg = Debug|Any CPU
		{E1D59294-9E1D-42A3-AF41-3FE99814B53A}.Debug|Any CPU.Build.0 = Debug|Any CPU
		{E1D59294-9E1D-42A3-AF41-3FE99814B53A}.Release|Any CPU.ActiveCfg = Release|Any CPU
		{E1D59294-9E1D-42A3-AF41-3FE99814B53A}.Release|Any CPU.Build.0 = Release|Any CPU
		{AC5D498D-977F-4331-8C38-10526124DC35}.Acceptance|Any CPU.ActiveCfg = Acceptance|Any CPU
		{AC5D498D-977F-4331-8C38-10526124DC35}.Acceptance|Any CPU.Build.0 = Acceptance|Any CPU
		{AC5D498D-977F-4331-8C38-10526124DC35}.Debug|Any CPU.ActiveCfg = Debug|Any CPU
		{AC5D498D-977F-4331-8C38-10526124DC35}.Debug|Any CPU.Build.0 = Debug|Any CPU
		{AC5D498D-977F-4331-8C38-10526124DC35}.Release|Any CPU.ActiveCfg = Release|Any CPU
		{AC5D498D-977F-4331-8C38-10526124DC35}.Release|Any CPU.Build.0 = Release|Any CPU
		{2D2F4F10-841E-497D-ADE0-2B879A4690A8}.Acceptance|Any CPU.ActiveCfg = Acceptance|Any CPU
		{2D2F4F10-841E-497D-ADE0-2B879A4690A8}.Acceptance|Any CPU.Build.0 = Acceptance|Any CPU
		{2D2F4F10-841E-497D-ADE0-2B879A4690A8}.Debug|Any CPU.ActiveCfg = Debug|Any CPU
		{2D2F4F10-841E-497D-ADE0-2B879A4690A8}.Debug|Any CPU.Build.0 = Debug|Any CPU
		{2D2F4F10-841E-497D-ADE0-2B879A4690A8}.Release|Any CPU.ActiveCfg = Release|Any CPU
		{2D2F4F10-841E-497D-ADE0-2B879A4690A8}.Release|Any CPU.Build.0 = Release|Any CPU
		{B9D872C7-5B81-4E0C-90E8-0E47201ACAA4}.Acceptance|Any CPU.ActiveCfg = Acceptance|Any CPU
		{B9D872C7-5B81-4E0C-90E8-0E47201ACAA4}.Acceptance|Any CPU.Build.0 = Acceptance|Any CPU
		{B9D872C7-5B81-4E0C-90E8-0E47201ACAA4}.Debug|Any CPU.ActiveCfg = Debug|Any CPU
		{B9D872C7-5B81-4E0C-90E8-0E47201ACAA4}.Debug|Any CPU.Build.0 = Debug|Any CPU
		{B9D872C7-5B81-4E0C-90E8-0E47201ACAA4}.Release|Any CPU.ActiveCfg = Release|Any CPU
		{B9D872C7-5B81-4E0C-90E8-0E47201ACAA4}.Release|Any CPU.Build.0 = Release|Any CPU
		{9DA62365-D86F-4F97-B1B3-0712BB38495F}.Acceptance|Any CPU.ActiveCfg = Acceptance|Any CPU
		{9DA62365-D86F-4F97-B1B3-0712BB38495F}.Acceptance|Any CPU.Build.0 = Acceptance|Any CPU
		{9DA62365-D86F-4F97-B1B3-0712BB38495F}.Debug|Any CPU.ActiveCfg = Debug|Any CPU
		{9DA62365-D86F-4F97-B1B3-0712BB38495F}.Debug|Any CPU.Build.0 = Debug|Any CPU
		{9DA62365-D86F-4F97-B1B3-0712BB38495F}.Release|Any CPU.ActiveCfg = Release|Any CPU
		{9DA62365-D86F-4F97-B1B3-0712BB38495F}.Release|Any CPU.Build.0 = Release|Any CPU
		{5D87686A-D4DA-4B61-A4E4-22CFC2AD24FB}.Acceptance|Any CPU.ActiveCfg = Acceptance|Any CPU
		{5D87686A-D4DA-4B61-A4E4-22CFC2AD24FB}.Acceptance|Any CPU.Build.0 = Acceptance|Any CPU
		{5D87686A-D4DA-4B61-A4E4-22CFC2AD24FB}.Debug|Any CPU.ActiveCfg = Debug|Any CPU
		{5D87686A-D4DA-4B61-A4E4-22CFC2AD24FB}.Debug|Any CPU.Build.0 = Debug|Any CPU
		{5D87686A-D4DA-4B61-A4E4-22CFC2AD24FB}.Release|Any CPU.ActiveCfg = Release|Any CPU
		{5D87686A-D4DA-4B61-A4E4-22CFC2AD24FB}.Release|Any CPU.Build.0 = Release|Any CPU
		{FD2BA55D-273D-43BD-8084-BDE0573B3EF8}.Acceptance|Any CPU.ActiveCfg = Release|Any CPU
		{FD2BA55D-273D-43BD-8084-BDE0573B3EF8}.Acceptance|Any CPU.Build.0 = Release|Any CPU
		{FD2BA55D-273D-43BD-8084-BDE0573B3EF8}.Debug|Any CPU.ActiveCfg = Debug|Any CPU
		{FD2BA55D-273D-43BD-8084-BDE0573B3EF8}.Debug|Any CPU.Build.0 = Debug|Any CPU
		{FD2BA55D-273D-43BD-8084-BDE0573B3EF8}.Release|Any CPU.ActiveCfg = Release|Any CPU
		{FD2BA55D-273D-43BD-8084-BDE0573B3EF8}.Release|Any CPU.Build.0 = Release|Any CPU
		{8F5217E8-D207-4DE0-85CB-C7C1E1E2039B}.Acceptance|Any CPU.ActiveCfg = Release|Any CPU
		{8F5217E8-D207-4DE0-85CB-C7C1E1E2039B}.Acceptance|Any CPU.Build.0 = Release|Any CPU
		{8F5217E8-D207-4DE0-85CB-C7C1E1E2039B}.Debug|Any CPU.ActiveCfg = Debug|Any CPU
		{8F5217E8-D207-4DE0-85CB-C7C1E1E2039B}.Debug|Any CPU.Build.0 = Debug|Any CPU
		{8F5217E8-D207-4DE0-85CB-C7C1E1E2039B}.Release|Any CPU.ActiveCfg = Release|Any CPU
		{8F5217E8-D207-4DE0-85CB-C7C1E1E2039B}.Release|Any CPU.Build.0 = Release|Any CPU
	EndGlobalSection
	GlobalSection(SolutionProperties) = preSolution
		HideSolutionNode = FALSE
	EndGlobalSection
	GlobalSection(NestedProjects) = preSolution
		{C603962C-47D0-4077-8D2F-5BE24FE24014} = {97CE1C0F-3DDF-4083-B2EC-4AC0A068B9B4}
		{DCA7A5E2-632A-4743-8684-6931FB6B5E68} = {97CE1C0F-3DDF-4083-B2EC-4AC0A068B9B4}
		{AC5D498D-977F-4331-8C38-10526124DC35} = {97CE1C0F-3DDF-4083-B2EC-4AC0A068B9B4}
		{2D2F4F10-841E-497D-ADE0-2B879A4690A8} = {C603962C-47D0-4077-8D2F-5BE24FE24014}
		{B9D872C7-5B81-4E0C-90E8-0E47201ACAA4} = {C603962C-47D0-4077-8D2F-5BE24FE24014}
		{9DA62365-D86F-4F97-B1B3-0712BB38495F} = {C603962C-47D0-4077-8D2F-5BE24FE24014}
		{5D87686A-D4DA-4B61-A4E4-22CFC2AD24FB} = {DCA7A5E2-632A-4743-8684-6931FB6B5E68}
		{266290E2-9D48-4905-9E9A-22467420569E} = {97CE1C0F-3DDF-4083-B2EC-4AC0A068B9B4}
		{FD2BA55D-273D-43BD-8084-BDE0573B3EF8} = {C603962C-47D0-4077-8D2F-5BE24FE24014}
		{61595E8D-5601-4354-8FC8-CF76B1AD09D9} = {97CE1C0F-3DDF-4083-B2EC-4AC0A068B9B4}
		{8F5217E8-D207-4DE0-85CB-C7C1E1E2039B} = {61595E8D-5601-4354-8FC8-CF76B1AD09D9}
	EndGlobalSection
EndGlobal
